
Microsoft Visual Studio Solution File, Format Version 12.00
# Visual Studio 2012
Project("{FAE04EC0-301F-11D3-BF4B-00C04F79EFBC}") = "Zvt.Libs.Configuration", "Zvt.Libs.Configuration\Zvt.Libs.Configuration.csproj", "{DF349977-7FF4-43FE-960F-FE4AE19362BF}"
EndProject
Project("{FAE04EC0-301F-11D3-BF4B-00C04F79EFBC}") = "Zvt.Libs.Database", "Zvt.Libs.Database\Zvt.Libs.Database.csproj", "{27E832D7-24A2-4B5A-BAEE-F5FCCC7979F7}"
EndProject
Global
	GlobalSection(SolutionConfigurationPlatforms) = preSolution
		Debug|Any CPU = Debug|Any CPU
		Release|Any CPU = Release|Any CPU
	EndGlobalSection
	GlobalSection(ProjectConfigurationPlatforms) = postSolution
		{DF349977-7FF4-43FE-960F-FE4AE19362BF}.Debug|Any CPU.ActiveCfg = Debug|Any CPU
		{DF349977-7FF4-43FE-960F-FE4AE19362BF}.Debug|Any CPU.Build.0 = Debug|Any CPU
		{DF349977-7FF4-43FE-960F-FE4AE19362BF}.Release|Any CPU.ActiveCfg = Release|Any CPU
		{DF349977-7FF4-43FE-960F-FE4AE19362BF}.Release|Any CPU.Build.0 = Release|Any CPU
		{27E832D7-24A2-4B5A-BAEE-F5FCCC7979F7}.Debug|Any CPU.ActiveCfg = Debug|Any CPU
		{27E832D7-24A2-4B5A-BAEE-F5FCCC7979F7}.Debug|Any CPU.Build.0 = Debug|Any CPU
		{27E832D7-24A2-4B5A-BAEE-F5FCCC7979F7}.Release|Any CPU.ActiveCfg = Release|Any CPU
		{27E832D7-24A2-4B5A-BAEE-F5FCCC7979F7}.Release|Any CPU.Build.0 = Release|Any CPU
	EndGlobalSection
	GlobalSection(SolutionProperties) = preSolution
		HideSolutionNode = FALSE
	EndGlobalSection
EndGlobal
